
Microsoft Visual Studio Solution File, Format Version 12.00
# Visual Studio Version 17
VisualStudioVersion = 17.14.36408.4
MinimumVisualStudioVersion = 10.0.40219.1
Project("{8BC9CEB8-8B4A-11D0-8D11-00A0C91BC942}") = "TwoSum", "TwoSum\TwoSum.vcxproj", "{33E15494-341C-4CB6-92EE-8E782E81964B}"
EndProject
Project("{8BC9CEB8-8B4A-11D0-8D11-00A0C91BC942}") = "MedianOfTwoSortedArrays - Incomplete", "MedianOfTwoSortedArrays\MedianOfTwoSortedArrays.vcxproj", "{8630C1D5-FF9D-4D9B-B276-A7003DE0ED21}"
EndProject
Project("{8BC9CEB8-8B4A-11D0-8D11-00A0C91BC942}") = "LongestSubstringWithoutRepeatingCharacters", "LongestSubstringWithoutRepeatingCharacters\LongestSubstringWithoutRepeatingCharacters.vcxproj", "{FB37FAD2-0506-4E4E-8EBD-D3E90FFD2994}"
EndProject
Project("{8BC9CEB8-8B4A-11D0-8D11-00A0C91BC942}") = "PalindromeNumber", "PalindromeNumber\PalindromeNumber.vcxproj", "{8ADF43E5-ECF7-46C1-B3C7-176D811C0DCE}"
EndProject
Project("{8BC9CEB8-8B4A-11D0-8D11-00A0C91BC942}") = "RegularExpressionMatching", "RegularExpressionMatching\RegularExpressionMatching.vcxproj", "{B634A012-0DBD-484D-B56C-08CA251618B1}"
EndProject
Global
	GlobalSection(SolutionConfigurationPlatforms) = preSolution
		Debug|x64 = Debug|x64
		Debug|x86 = Debug|x86
		Release|x64 = Release|x64
		Release|x86 = Release|x86
	EndGlobalSection
	GlobalSection(ProjectConfigurationPlatforms) = postSolution
		{33E15494-341C-4CB6-92EE-8E782E81964B}.Debug|x64.ActiveCfg = Debug|x64
		{33E15494-341C-4CB6-92EE-8E782E81964B}.Debug|x64.Build.0 = Debug|x64
		{33E15494-341C-4CB6-92EE-8E782E81964B}.Debug|x86.ActiveCfg = Debug|Win32
		{33E15494-341C-4CB6-92EE-8E782E81964B}.Debug|x86.Build.0 = Debug|Win32
		{33E15494-341C-4CB6-92EE-8E782E81964B}.Release|x64.ActiveCfg = Release|x64
		{33E15494-341C-4CB6-92EE-8E782E81964B}.Release|x64.Build.0 = Release|x64
		{33E15494-341C-4CB6-92EE-8E782E81964B}.Release|x86.ActiveCfg = Release|Win32
		{33E15494-341C-4CB6-92EE-8E782E81964B}.Release|x86.Build.0 = Release|Win32
		{8630C1D5-FF9D-4D9B-B276-A7003DE0ED21}.Debug|x64.ActiveCfg = Debug|x64
		{8630C1D5-FF9D-4D9B-B276-A7003DE0ED21}.Debug|x64.Build.0 = Debug|x64
		{8630C1D5-FF9D-4D9B-B276-A7003DE0ED21}.Debug|x86.ActiveCfg = Debug|Win32
		{8630C1D5-FF9D-4D9B-B276-A7003DE0ED21}.Debug|x86.Build.0 = Debug|Win32
		{8630C1D5-FF9D-4D9B-B276-A7003DE0ED21}.Release|x64.ActiveCfg = Release|x64
		{8630C1D5-FF9D-4D9B-B276-A7003DE0ED21}.Release|x64.Build.0 = Release|x64
		{8630C1D5-FF9D-4D9B-B276-A7003DE0ED21}.Release|x86.ActiveCfg = Release|Win32
		{8630C1D5-FF9D-4D9B-B276-A7003DE0ED21}.Release|x86.Build.0 = Release|Win32
		{FB37FAD2-0506-4E4E-8EBD-D3E90FFD2994}.Debug|x64.ActiveCfg = Debug|x64
		{FB37FAD2-0506-4E4E-8EBD-D3E90FFD2994}.Debug|x64.Build.0 = Debug|x64
		{FB37FAD2-0506-4E4E-8EBD-D3E90FFD2994}.Debug|x86.ActiveCfg = Debug|Win32
		{FB37FAD2-0506-4E4E-8EBD-D3E90FFD2994}.Debug|x86.Build.0 = Debug|Win32
		{FB37FAD2-0506-4E4E-8EBD-D3E90FFD2994}.Release|x64.ActiveCfg = Release|x64
		{FB37FAD2-0506-4E4E-8EBD-D3E90FFD2994}.Release|x64.Build.0 = Release|x64
		{FB37FAD2-0506-4E4E-8EBD-D3E90FFD2994}.Release|x86.ActiveCfg = Release|Win32
		{FB37FAD2-0506-4E4E-8EBD-D3E90FFD2994}.Release|x86.Build.0 = Release|Win32
		{8ADF43E5-ECF7-46C1-B3C7-176D811C0DCE}.Debug|x64.ActiveCfg = Debug|x64
		{8ADF43E5-ECF7-46C1-B3C7-176D811C0DCE}.Debug|x64.Build.0 = Debug|x64
		{8ADF43E5-ECF7-46C1-B3C7-176D811C0DCE}.Debug|x86.ActiveCfg = Debug|Win32
		{8ADF43E5-ECF7-46C1-B3C7-176D811C0DCE}.Debug|x86.Build.0 = Debug|Win32
		{8ADF43E5-ECF7-46C1-B3C7-176D811C0DCE}.Release|x64.ActiveCfg = Release|x64
		{8ADF43E5-ECF7-46C1-B3C7-176D811C0DCE}.Release|x64.Build.0 = Release|x64
		{8ADF43E5-ECF7-46C1-B3C7-176D811C0DCE}.Release|x86.ActiveCfg = Release|Win32
		{8ADF43E5-ECF7-46C1-B3C7-176D811C0DCE}.Release|x86.Build.0 = Release|Win32
		{B634A012-0DBD-484D-B56C-08CA251618B1}.Debug|x64.ActiveCfg = Debug|x64
		{B634A012-0DBD-484D-B56C-08CA251618B1}.Debug|x64.Build.0 = Debug|x64
		{B634A012-0DBD-484D-B56C-08CA251618B1}.Debug|x86.ActiveCfg = Debug|Win32
		{B634A012-0DBD-484D-B56C-08CA251618B1}.Debug|x86.Build.0 = Debug|Win32
		{B634A012-0DBD-484D-B56C-08CA251618B1}.Release|x64.ActiveCfg = Release|x64
		{B634A012-0DBD-484D-B56C-08CA251618B1}.Release|x64.Build.0 = Release|x64
		{B634A012-0DBD-484D-B56C-08CA251618B1}.Release|x86.ActiveCfg = Release|Win32
		{B634A012-0DBD-484D-B56C-08CA251618B1}.Release|x86.Build.0 = Release|Win32
	EndGlobalSection
	GlobalSection(SolutionProperties) = preSolution
		HideSolutionNode = FALSE
	EndGlobalSection
	GlobalSection(ExtensibilityGlobals) = postSolution
		SolutionGuid = {5C506D7F-3DAE-4145-AA21-2F89CC4E5223}
	EndGlobalSection
EndGlobal
